
Microsoft Visual Studio Solution File, Format Version 12.00
# Visual Studio Version 16
VisualStudioVersion = 16.0.29806.167
MinimumVisualStudioVersion = 10.0.40219.1
Project("{FAE04EC0-301F-11D3-BF4B-00C04F79EFBC}") = "nrfutilProductionGen", "nrfutilProductionGen.csproj", "{0CEE802A-3A11-495A-ABB3-34244AC38A64}"
EndProject
Global
	GlobalSection(SolutionConfigurationPlatforms) = preSolution
		Debug|Any CPU = Debug|Any CPU
		Release|Any CPU = Release|Any CPU
	EndGlobalSection
	GlobalSection(ProjectConfigurationPlatforms) = postSolution
		{0CEE802A-3A11-495A-ABB3-34244AC38A64}.Debug|Any CPU.ActiveCfg = Debug|Any CPU
		{0CEE802A-3A11-495A-ABB3-34244AC38A64}.Debug|Any CPU.Build.0 = Debug|Any CPU
		{0CEE802A-3A11-495A-ABB3-34244AC38A64}.Release|Any CPU.ActiveCfg = Release|Any CPU
		{0CEE802A-3A11-495A-ABB3-34244AC38A64}.Release|Any CPU.Build.0 = Release|Any CPU
	EndGlobalSection
	GlobalSection(SolutionProperties) = preSolution
		HideSolutionNode = FALSE
	EndGlobalSection
	GlobalSection(ExtensibilityGlobals) = postSolution
		SolutionGuid = {16BE6565-C9DC-4DF8-BCFC-7704C2C6E47F}
	EndGlobalSection
EndGlobal
